
Microsoft Visual Studio Solution File, Format Version 12.00
# Visual Studio Version 17
VisualStudioVersion = 17.0.31903.59
MinimumVisualStudioVersion = 10.0.40219.1
Project("{FAE04EC0-301F-11D3-BF4B-00C04F79EFBC}") = "Afip.Dotnet", "src\Afip.Dotnet\Afip.Dotnet.csproj", "{1A2B3C4D-5E6F-7890-ABCD-EF1234567890}"
EndProject
Project("{FAE04EC0-301F-11D3-BF4B-00C04F79EFBC}") = "Afip.Dotnet.Abstractions", "src\Afip.Dotnet.Abstractions\Afip.Dotnet.Abstractions.csproj", "{2B3C4D5E-6F78-90AB-CDEF-123456789012}"
EndProject
Project("{FAE04EC0-301F-11D3-BF4B-00C04F79EFBC}") = "Afip.Dotnet.UnitTests", "src\Afip.Dotnet.UnitTests\Afip.Dotnet.UnitTests.csproj", "{3C4D5E6F-7890-ABCD-EF12-34567890ABCD}"
EndProject
Project("{FAE04EC0-301F-11D3-BF4B-00C04F79EFBC}") = "Afip.Dotnet.IntegrationTests", "src\Afip.Dotnet.IntegrationTests\Afip.Dotnet.IntegrationTests.csproj", "{4D5E6F78-90AB-CDEF-1234-567890ABCDEF}"
EndProject
Project("{FAE04EC0-301F-11D3-BF4B-00C04F79EFBC}") = "Afip.Dotnet.DependencyInjection", "src\Afip.Dotnet.DependencyInjection\Afip.Dotnet.DependencyInjection.csproj", "{5E6F7890-ABCD-EF12-3456-7890ABCDEF13}"
EndProject
Project("{FAE04EC0-301F-11D3-BF4B-00C04F79EFBC}") = "Afip.Dotnet.DependencyInjection.Tests", "src\Afip.Dotnet.DependencyInjection.Tests\Afip.Dotnet.DependencyInjection.Tests.csproj", "{6E7F8901-BCDE-F234-5678-9012BCDEF234}"
EndProject
Project("{2150E333-8FDC-42A3-9474-1A3956D46DE8}") = "examples", "examples", "{5E6F7890-ABCD-EF12-3456-7890ABCDEF12}"
EndProject
Project("{FAE04EC0-301F-11D3-BF4B-00C04F79EFBC}") = "BasicUsage", "examples\BasicUsage\BasicUsage.csproj", "{6F789012-3456-789A-BCDE-F123456789AB}"
EndProject
Project("{FAE04EC0-301F-11D3-BF4B-00C04F79EFBC}") = "DependencyInjection", "examples\DependencyInjection\DependencyInjection.csproj", "{789ABCDE-F123-4567-89AB-CDEF12345678}"
EndProject
Global
	GlobalSection(SolutionConfigurationPlatforms) = preSolution
		Debug|Any CPU = Debug|Any CPU
		Release|Any CPU = Release|Any CPU
	EndGlobalSection
	GlobalSection(ProjectConfigurationPlatforms) = postSolution
		{1A2B3C4D-5E6F-7890-ABCD-EF1234567890}.Debug|Any CPU.ActiveCfg = Debug|Any CPU
		{1A2B3C4D-5E6F-7890-ABCD-EF1234567890}.Debug|Any CPU.Build.0 = Debug|Any CPU
		{1A2B3C4D-5E6F-7890-ABCD-EF1234567890}.Release|Any CPU.ActiveCfg = Release|Any CPU
		{1A2B3C4D-5E6F-7890-ABCD-EF1234567890}.Release|Any CPU.Build.0 = Release|Any CPU
		{2B3C4D5E-6F78-90AB-CDEF-123456789012}.Debug|Any CPU.ActiveCfg = Debug|Any CPU
		{2B3C4D5E-6F78-90AB-CDEF-123456789012}.Debug|Any CPU.Build.0 = Debug|Any CPU
		{2B3C4D5E-6F78-90AB-CDEF-123456789012}.Release|Any CPU.ActiveCfg = Release|Any CPU
		{2B3C4D5E-6F78-90AB-CDEF-123456789012}.Release|Any CPU.Build.0 = Release|Any CPU
		{3C4D5E6F-7890-ABCD-EF12-34567890ABCD}.Debug|Any CPU.ActiveCfg = Debug|Any CPU
		{3C4D5E6F-7890-ABCD-EF12-34567890ABCD}.Debug|Any CPU.Build.0 = Debug|Any CPU
		{3C4D5E6F-7890-ABCD-EF12-34567890ABCD}.Release|Any CPU.ActiveCfg = Release|Any CPU
		{3C4D5E6F-7890-ABCD-EF12-34567890ABCD}.Release|Any CPU.Build.0 = Release|Any CPU
		{4D5E6F78-90AB-CDEF-1234-567890ABCDEF}.Debug|Any CPU.ActiveCfg = Debug|Any CPU
		{4D5E6F78-90AB-CDEF-1234-567890ABCDEF}.Debug|Any CPU.Build.0 = Debug|Any CPU
		{4D5E6F78-90AB-CDEF-1234-567890ABCDEF}.Release|Any CPU.ActiveCfg = Release|Any CPU
		{4D5E6F78-90AB-CDEF-1234-567890ABCDEF}.Release|Any CPU.Build.0 = Release|Any CPU
		{5E6F7890-ABCD-EF12-3456-7890ABCDEF13}.Debug|Any CPU.ActiveCfg = Debug|Any CPU
		{5E6F7890-ABCD-EF12-3456-7890ABCDEF13}.Debug|Any CPU.Build.0 = Debug|Any CPU
		{5E6F7890-ABCD-EF12-3456-7890ABCDEF13}.Release|Any CPU.ActiveCfg = Release|Any CPU
		{5E6F7890-ABCD-EF12-3456-7890ABCDEF13}.Release|Any CPU.Build.0 = Release|Any CPU
		{6E7F8901-BCDE-F234-5678-9012BCDEF234}.Debug|Any CPU.ActiveCfg = Debug|Any CPU
		{6E7F8901-BCDE-F234-5678-9012BCDEF234}.Debug|Any CPU.Build.0 = Debug|Any CPU
		{6E7F8901-BCDE-F234-5678-9012BCDEF234}.Release|Any CPU.ActiveCfg = Release|Any CPU
		{6E7F8901-BCDE-F234-5678-9012BCDEF234}.Release|Any CPU.Build.0 = Release|Any CPU
		{6F789012-3456-789A-BCDE-F123456789AB}.Debug|Any CPU.ActiveCfg = Debug|Any CPU
		{6F789012-3456-789A-BCDE-F123456789AB}.Debug|Any CPU.Build.0 = Debug|Any CPU
		{6F789012-3456-789A-BCDE-F123456789AB}.Release|Any CPU.ActiveCfg = Release|Any CPU
		{6F789012-3456-789A-BCDE-F123456789AB}.Release|Any CPU.Build.0 = Release|Any CPU
		{789ABCDE-F123-4567-89AB-CDEF12345678}.Debug|Any CPU.ActiveCfg = Debug|Any CPU
		{789ABCDE-F123-4567-89AB-CDEF12345678}.Debug|Any CPU.Build.0 = Debug|Any CPU
		{789ABCDE-F123-4567-89AB-CDEF12345678}.Release|Any CPU.ActiveCfg = Release|Any CPU
		{789ABCDE-F123-4567-89AB-CDEF12345678}.Release|Any CPU.Build.0 = Release|Any CPU
	EndGlobalSection
	GlobalSection(NestedProjects) = preSolution
		{6F789012-3456-789A-BCDE-F123456789AB} = {5E6F7890-ABCD-EF12-3456-7890ABCDEF12}
		{789ABCDE-F123-4567-89AB-CDEF12345678} = {5E6F7890-ABCD-EF12-3456-7890ABCDEF12}
	EndGlobalSection
	GlobalSection(SolutionProperties) = preSolution
		HideSolutionNode = FALSE
	EndGlobalSection
	GlobalSection(ExtensibilityGlobals) = postSolution
		SolutionGuid = {CE4C8118-5BBB-46FD-B258-37F1885E5938}
	EndGlobalSection
EndGlobal
